// !$*UTF8*$!
{
	archiveVersion = 1;
	classes = {
	};
	objectVersion = 55;
	objects = {

/* Begin PBXBuildFile section */
		D011E8592AB103E300F8FE04 /* AppDelegate.swift in Sources */ = {isa = PBXBuildFile; fileRef = D011E8582AB103E300F8FE04 /* AppDelegate.swift */; };
		D011E85B2AB103E300F8FE04 /* SceneDelegate.swift in Sources */ = {isa = PBXBuildFile; fileRef = D011E85A2AB103E300F8FE04 /* SceneDelegate.swift */; };
		D011E85D2AB103E300F8FE04 /* ViewController.swift in Sources */ = {isa = PBXBuildFile; fileRef = D011E85C2AB103E300F8FE04 /* ViewController.swift */; };
		D011E8602AB103E300F8FE04 /* Main.storyboard in Resources */ = {isa = PBXBuildFile; fileRef = D011E85E2AB103E300F8FE04 /* Main.storyboard */; };
		D011E8622AB103E500F8FE04 /* Assets.xcassets in Resources */ = {isa = PBXBuildFile; fileRef = D011E8612AB103E500F8FE04 /* Assets.xcassets */; };
		D011E8652AB103E500F8FE04 /* LaunchScreen.storyboard in Resources */ = {isa = PBXBuildFile; fileRef = D011E8632AB103E500F8FE04 /* LaunchScreen.storyboard */; };
		D011E8702AB103E500F8FE04 /* lab1Tests.swift in Sources */ = {isa = PBXBuildFile; fileRef = D011E86F2AB103E500F8FE04 /* lab1Tests.swift */; };
		D011E87A2AB103E500F8FE04 /* lab1UITests.swift in Sources */ = {isa = PBXBuildFile; fileRef = D011E8792AB103E500F8FE04 /* lab1UITests.swift */; };
		D011E87C2AB103E500F8FE04 /* lab1UITestsLaunchTests.swift in Sources */ = {isa = PBXBuildFile; fileRef = D011E87B2AB103E500F8FE04 /* lab1UITestsLaunchTests.swift */; };
/* End PBXBuildFile section */

/* Begin PBXContainerItemProxy section */
		D011E86C2AB103E500F8FE04 /* PBXContainerItemProxy */ = {
			isa = PBXContainerItemProxy;
			containerPortal = D011E84D2AB103E300F8FE04 /* Project object */;
			proxyType = 1;
			remoteGlobalIDString = D011E8542AB103E300F8FE04;
			remoteInfo = lab1;
		};
		D011E8762AB103E500F8FE04 /* PBXContainerItemProxy */ = {
			isa = PBXContainerItemProxy;
			containerPortal = D011E84D2AB103E300F8FE04 /* Project object */;
			proxyType = 1;
			remoteGlobalIDString = D011E8542AB103E300F8FE04;
			remoteInfo = lab1;
		};
/* End PBXContainerItemProxy section */

/* Begin PBXFileReference section */
		D011E8552AB103E300F8FE04 /* lab1.app */ = {isa = PBXFileReference; explicitFileType = wrapper.application; includeInIndex = 0; path = lab1.app; sourceTree = BUILT_PRODUCTS_DIR; };
		D011E8582AB103E300F8FE04 /* AppDelegate.swift */ = {isa = PBXFileReference; lastKnownFileType = sourcecode.swift; path = AppDelegate.swift; sourceTree = "<group>"; };
		D011E85A2AB103E300F8FE04 /* SceneDelegate.swift */ = {isa = PBXFileReference; lastKnownFileType = sourcecode.swift; path = SceneDelegate.swift; sourceTree = "<group>"; };
		D011E85C2AB103E300F8FE04 /* ViewController.swift */ = {isa = PBXFileReference; lastKnownFileType = sourcecode.swift; path = ViewController.swift; sourceTree = "<group>"; };
		D011E85F2AB103E300F8FE04 /* Base */ = {isa = PBXFileReference; lastKnownFileType = file.storyboard; name = Base; path = Base.lproj/Main.storyboard; sourceTree = "<group>"; };
		D011E8612AB103E500F8FE04 /* Assets.xcassets */ = {isa = PBXFileReference; lastKnownFileType = folder.assetcatalog; path = Assets.xcassets; sourceTree = "<group>"; };
		D011E8642AB103E500F8FE04 /* Base */ = {isa = PBXFileReference; lastKnownFileType = file.storyboard; name = Base; path = Base.lproj/LaunchScreen.storyboard; sourceTree = "<group>"; };
		D011E8662AB103E500F8FE04 /* Info.plist */ = {isa = PBXFileReference; lastKnownFileType = text.plist.xml; path = Info.plist; sourceTree = "<group>"; };
		D011E86B2AB103E500F8FE04 /* lab1Tests.xctest */ = {isa = PBXFileReference; explicitFileType = wrapper.cfbundle; includeInIndex = 0; path = lab1Tests.xctest; sourceTree = BUILT_PRODUCTS_DIR; };
		D011E86F2AB103E500F8FE04 /* lab1Tests.swift */ = {isa = PBXFileReference; lastKnownFileType = sourcecode.swift; path = lab1Tests.swift; sourceTree = "<group>"; };
		D011E8752AB103E500F8FE04 /* lab1UITests.xctest */ = {isa = PBXFileReference; explicitFileType = wrapper.cfbundle; includeInIndex = 0; path = lab1UITests.xctest; sourceTree = BUILT_PRODUCTS_DIR; };
		D011E8792AB103E500F8FE04 /* lab1UITests.swift */ = {isa = PBXFileReference; lastKnownFileType = sourcecode.swift; path = lab1UITests.swift; sourceTree = "<group>"; };
		D011E87B2AB103E500F8FE04 /* lab1UITestsLaunchTests.swift */ = {isa = PBXFileReference; lastKnownFileType = sourcecode.swift; path = lab1UITestsLaunchTests.swift; sourceTree = "<group>"; };
/* End PBXFileReference section */

/* Begin PBXFrameworksBuildPhase section */
		D011E8522AB103E300F8FE04 /* Frameworks */ = {
			isa = PBXFrameworksBuildPhase;
			buildActionMask = 2147483647;
			files = (
			);
			runOnlyForDeploymentPostprocessing = 0;
		};
		D011E8682AB103E500F8FE04 /* Frameworks */ = {
			isa = PBXFrameworksBuildPhase;
			buildActionMask = 2147483647;
			files = (
			);
			runOnlyForDeploymentPostprocessing = 0;
		};
		D011E8722AB103E500F8FE04 /* Frameworks */ = {
			isa = PBXFrameworksBuildPhase;
			buildActionMask = 2147483647;
			files = (
			);
			runOnlyForDeploymentPostprocessing = 0;
		};
/* End PBXFrameworksBuildPhase section */

/* Begin PBXGroup section */
		D011E84C2AB103E300F8FE04 = {
			isa = PBXGroup;
			children = (
				D011E8572AB103E300F8FE04 /* lab1 */,
				D011E86E2AB103E500F8FE04 /* lab1Tests */,
				D011E8782AB103E500F8FE04 /* lab1UITests */,
				D011E8562AB103E300F8FE04 /* Products */,
			);
			sourceTree = "<group>";
		};
		D011E8562AB103E300F8FE04 /* Products */ = {
			isa = PBXGroup;
			children = (
				D011E8552AB103E300F8FE04 /* lab1.app */,
				D011E86B2AB103E500F8FE04 /* lab1Tests.xctest */,
				D011E8752AB103E500F8FE04 /* lab1UITests.xctest */,
			);
			name = Products;
			sourceTree = "<group>";
		};
		D011E8572AB103E300F8FE04 /* lab1 */ = {
			isa = PBXGroup;
			children = (
				D011E8582AB103E300F8FE04 /* AppDelegate.swift */,
				D011E85A2AB103E300F8FE04 /* SceneDelegate.swift */,
				D011E85C2AB103E300F8FE04 /* ViewController.swift */,
				D011E85E2AB103E300F8FE04 /* Main.storyboard */,
				D011E8612AB103E500F8FE04 /* Assets.xcassets */,
				D011E8632AB103E500F8FE04 /* LaunchScreen.storyboard */,
				D011E8662AB103E500F8FE04 /* Info.plist */,
			);
			path = lab1;
			sourceTree = "<group>";
		};
		D011E86E2AB103E500F8FE04 /* lab1Tests */ = {
			isa = PBXGroup;
			children = (
				D011E86F2AB103E500F8FE04 /* lab1Tests.swift */,
			);
			path = lab1Tests;
			sourceTree = "<group>";
		};
		D011E8782AB103E500F8FE04 /* lab1UITests */ = {
			isa = PBXGroup;
			children = (
				D011E8792AB103E500F8FE04 /* lab1UITests.swift */,
				D011E87B2AB103E500F8FE04 /* lab1UITestsLaunchTests.swift */,
			);
			path = lab1UITests;
			sourceTree = "<group>";
		};
/* End PBXGroup section */

/* Begin PBXNativeTarget section */
		D011E8542AB103E300F8FE04 /* lab1 */ = {
			isa = PBXNativeTarget;
			buildConfigurationList = D011E87F2AB103E500F8FE04 /* Build configuration list for PBXNativeTarget "lab1" */;
			buildPhases = (
				D011E8512AB103E300F8FE04 /* Sources */,
				D011E8522AB103E300F8FE04 /* Frameworks */,
				D011E8532AB103E300F8FE04 /* Resources */,
			);
			buildRules = (
			);
			dependencies = (
			);
			name = lab1;
			productName = lab1;
			productReference = D011E8552AB103E300F8FE04 /* lab1.app */;
			productType = "com.apple.product-type.application";
		};
		D011E86A2AB103E500F8FE04 /* lab1Tests */ = {
			isa = PBXNativeTarget;
			buildConfigurationList = D011E8822AB103E500F8FE04 /* Build configuration list for PBXNativeTarget "lab1Tests" */;
			buildPhases = (
				D011E8672AB103E500F8FE04 /* Sources */,
				D011E8682AB103E500F8FE04 /* Frameworks */,
				D011E8692AB103E500F8FE04 /* Resources */,
			);
			buildRules = (
			);
			dependencies = (
				D011E86D2AB103E500F8FE04 /* PBXTargetDependency */,
			);
			name = lab1Tests;
			productName = lab1Tests;
			productReference = D011E86B2AB103E500F8FE04 /* lab1Tests.xctest */;
			productType = "com.apple.product-type.bundle.unit-test";
		};
		D011E8742AB103E500F8FE04 /* lab1UITests */ = {
			isa = PBXNativeTarget;
			buildConfigurationList = D011E8852AB103E500F8FE04 /* Build configuration list for PBXNativeTarget "lab1UITests" */;
			buildPhases = (
				D011E8712AB103E500F8FE04 /* Sources */,
				D011E8722AB103E500F8FE04 /* Frameworks */,
				D011E8732AB103E500F8FE04 /* Resources */,
			);
			buildRules = (
			);
			dependencies = (
				D011E8772AB103E500F8FE04 /* PBXTargetDependency */,
			);
			name = lab1UITests;
			productName = lab1UITests;
			productReference = D011E8752AB103E500F8FE04 /* lab1UITests.xctest */;
			productType = "com.apple.product-type.bundle.ui-testing";
		};
/* End PBXNativeTarget section */

/* Begin PBXProject section */
		D011E84D2AB103E300F8FE04 /* Project object */ = {
			isa = PBXProject;
			attributes = {
				BuildIndependentTargetsInParallel = 1;
				LastSwiftUpdateCheck = 1320;
				LastUpgradeCheck = 1320;
				TargetAttributes = {
					D011E8542AB103E300F8FE04 = {
						CreatedOnToolsVersion = 13.2;
					};
					D011E86A2AB103E500F8FE04 = {
						CreatedOnToolsVersion = 13.2;
						TestTargetID = D011E8542AB103E300F8FE04;
					};
					D011E8742AB103E500F8FE04 = {
						CreatedOnToolsVersion = 13.2;
						TestTargetID = D011E8542AB103E300F8FE04;
					};
				};
			};
			buildConfigurationList = D011E8502AB103E300F8FE04 /* Build configuration list for PBXProject "lab1" */;
			compatibilityVersion = "Xcode 13.0";
			developmentRegion = en;
			hasScannedForEncodings = 0;
			knownRegions = (
				en,
				Base,
			);
			mainGroup = D011E84C2AB103E300F8FE04;
			productRefGroup = D011E8562AB103E300F8FE04 /* Products */;
			projectDirPath = "";
			projectRoot = "";
			targets = (
				D011E8542AB103E300F8FE04 /* lab1 */,
				D011E86A2AB103E500F8FE04 /* lab1Tests */,
				D011E8742AB103E500F8FE04 /* lab1UITests */,
			);
		};
/* End PBXProject section */

/* Begin PBXResourcesBuildPhase section */
		D011E8532AB103E300F8FE04 /* Resources */ = {
			isa = PBXResourcesBuildPhase;
			buildActionMask = 2147483647;
			files = (
				D011E8652AB103E500F8FE04 /* LaunchScreen.storyboard in Resources */,
				D011E8622AB103E500F8FE04 /* Assets.xcassets in Resources */,
				D011E8602AB103E300F8FE04 /* Main.storyboard in Resources */,
			);
			runOnlyForDeploymentPostprocessing = 0;
		};
		D011E8692AB103E500F8FE04 /* Resources */ = {
			isa = PBXResourcesBuildPhase;
			buildActionMask = 2147483647;
			files = (
			);
			runOnlyForDeploymentPostprocessing = 0;
		};
		D011E8732AB103E500F8FE04 /* Resources */ = {
			isa = PBXResourcesBuildPhase;
			buildActionMask = 2147483647;
			files = (
			);
			runOnlyForDeploymentPostprocessing = 0;
		};
/* End PBXResourcesBuildPhase section */

/* Begin PBXSourcesBuildPhase section */
		D011E8512AB103E300F8FE04 /* Sources */ = {
			isa = PBXSourcesBuildPhase;
			buildActionMask = 2147483647;
			files = (
				D011E85D2AB103E300F8FE04 /* ViewController.swift in Sources */,
				D011E8592AB103E300F8FE04 /* AppDelegate.swift in Sources */,
				D011E85B2AB103E300F8FE04 /* SceneDelegate.swift in Sources */,
			);
			runOnlyForDeploymentPostprocessing = 0;
		};
		D011E8672AB103E500F8FE04 /* Sources */ = {
			isa = PBXSourcesBuildPhase;
			buildActionMask = 2147483647;
			files = (
				D011E8702AB103E500F8FE04 /* lab1Tests.swift in Sources */,
			);
			runOnlyForDeploymentPostprocessing = 0;
		};
		D011E8712AB103E500F8FE04 /* Sources */ = {
			isa = PBXSourcesBuildPhase;
			buildActionMask = 2147483647;
			files = (
				D011E87C2AB103E500F8FE04 /* lab1UITestsLaunchTests.swift in Sources */,
				D011E87A2AB103E500F8FE04 /* lab1UITests.swift in Sources */,
			);
			runOnlyForDeploymentPostprocessing = 0;
		};
/* End PBXSourcesBuildPhase section */

/* Begin PBXTargetDependency section */
		D011E86D2AB103E500F8FE04 /* PBXTargetDependency */ = {
			isa = PBXTargetDependency;
			target = D011E8542AB103E300F8FE04 /* lab1 */;
			targetProxy = D011E86C2AB103E500F8FE04 /* PBXContainerItemProxy */;
		};
		D011E8772AB103E500F8FE04 /* PBXTargetDependency */ = {
			isa = PBXTargetDependency;
			target = D011E8542AB103E300F8FE04 /* lab1 */;
			targetProxy = D011E8762AB103E500F8FE04 /* PBXContainerItemProxy */;
		};
/* End PBXTargetDependency section */

/* Begin PBXVariantGroup section */
		D011E85E2AB103E300F8FE04 /* Main.storyboard */ = {
			isa = PBXVariantGroup;
			children = (
				D011E85F2AB103E300F8FE04 /* Base */,
			);
			name = Main.storyboard;
			sourceTree = "<group>";
		};
		D011E8632AB103E500F8FE04 /* LaunchScreen.storyboard */ = {
			isa = PBXVariantGroup;
			children = (
				D011E8642AB103E500F8FE04 /* Base */,
			);
			name = LaunchScreen.storyboard;
			sourceTree = "<group>";
		};
/* End PBXVariantGroup section */

/* Begin XCBuildConfiguration section */
		D011E87D2AB103E500F8FE04 /* Debug */ = {
			isa = XCBuildConfiguration;
			buildSettings = {
				ALWAYS_SEARCH_USER_PATHS = NO;
				CLANG_ANALYZER_NONNULL = YES;
				CLANG_ANALYZER_NUMBER_OBJECT_CONVERSION = YES_AGGRESSIVE;
				CLANG_CXX_LANGUAGE_STANDARD = "gnu++17";
				CLANG_CXX_LIBRARY = "libc++";
				CLANG_ENABLE_MODULES = YES;
				CLANG_ENABLE_OBJC_ARC = YES;
				CLANG_ENABLE_OBJC_WEAK = YES;
				CLANG_WARN_BLOCK_CAPTURE_AUTORELEASING = YES;
				CLANG_WARN_BOOL_CONVERSION = YES;
				CLANG_WARN_COMMA = YES;
				CLANG_WARN_CONSTANT_CONVERSION = YES;
				CLANG_WARN_DEPRECATED_OBJC_IMPLEMENTATIONS = YES;
				CLANG_WARN_DIRECT_OBJC_ISA_USAGE = YES_ERROR;
				CLANG_WARN_DOCUMENTATION_COMMENTS = YES;
				CLANG_WARN_EMPTY_BODY = YES;
				CLANG_WARN_ENUM_CONVERSION = YES;
				CLANG_WARN_INFINITE_RECURSION = YES;
				CLANG_WARN_INT_CONVERSION = YES;
				CLANG_WARN_NON_LITERAL_NULL_CONVERSION = YES;
				CLANG_WARN_OBJC_IMPLICIT_RETAIN_SELF = YES;
				CLANG_WARN_OBJC_LITERAL_CONVERSION = YES;
				CLANG_WARN_OBJC_ROOT_CLASS = YES_ERROR;
				CLANG_WARN_QUOTED_INCLUDE_IN_FRAMEWORK_HEADER = YES;
				CLANG_WARN_RANGE_LOOP_ANALYSIS = YES;
				CLANG_WARN_STRICT_PROTOTYPES = YES;
				CLANG_WARN_SUSPICIOUS_MOVE = YES;
				CLANG_WARN_UNGUARDED_AVAILABILITY = YES_AGGRESSIVE;
				CLANG_WARN_UNREACHABLE_CODE = YES;
				CLANG_WARN__DUPLICATE_METHOD_MATCH = YES;
				COPY_PHASE_STRIP = NO;
				DEBUG_INFORMATION_FORMAT = dwarf;
				ENABLE_STRICT_OBJC_MSGSEND = YES;
				ENABLE_TESTABILITY = YES;
				GCC_C_LANGUAGE_STANDARD = gnu11;
				GCC_DYNAMIC_NO_PIC = NO;
				GCC_NO_COMMON_BLOCKS = YES;
				GCC_OPTIMIZATION_LEVEL = 0;
				GCC_PREPROCESSOR_DEFINITIONS = (
					"DEBUG=1",
					"$(inherited)",
				);
				GCC_WARN_64_TO_32_BIT_CONVERSION = YES;
				GCC_WARN_ABOUT_RETURN_TYPE = YES_ERROR;
				GCC_WARN_UNDECLARED_SELECTOR = YES;
				GCC_WARN_UNINITIALIZED_AUTOS = YES_AGGRESSIVE;
				GCC_WARN_UNUSED_FUNCTION = YES;
				GCC_WARN_UNUSED_VARIABLE = YES;
				IPHONEOS_DEPLOYMENT_TARGET = 15.2;
				MTL_ENABLE_DEBUG_INFO = INCLUDE_SOURCE;
				MTL_FAST_MATH = YES;
				ONLY_ACTIVE_ARCH = YES;
				SDKROOT = iphoneos;
				SWIFT_ACTIVE_COMPILATION_CONDITIONS = DEBUG;
				SWIFT_OPTIMIZATION_LEVEL = "-Onone";
			};
			name = Debug;
		};
		D011E87E2AB103E500F8FE04 /* Release */ = {
			isa = XCBuildConfiguration;
			buildSettings = {
				ALWAYS_SEARCH_USER_PATHS = NO;
				CLANG_ANALYZER_NONNULL = YES;
				CLANG_ANALYZER_NUMBER_OBJECT_CONVERSION = YES_AGGRESSIVE;
				CLANG_CXX_LANGUAGE_STANDARD = "gnu++17";
				CLANG_CXX_LIBRARY = "libc++";
				CLANG_ENABLE_MODULES = YES;
				CLANG_ENABLE_OBJC_ARC = YES;
				CLANG_ENABLE_OBJC_WEAK = YES;
				CLANG_WARN_BLOCK_CAPTURE_AUTORELEASING = YES;
				CLANG_WARN_BOOL_CONVERSION = YES;
				CLANG_WARN_COMMA = YES;
				CLANG_WARN_CONSTANT_CONVERSION = YES;
				CLANG_WARN_DEPRECATED_OBJC_IMPLEMENTATIONS = YES;
				CLANG_WARN_DIRECT_OBJC_ISA_USAGE = YES_ERROR;
				CLANG_WARN_DOCUMENTATION_COMMENTS = YES;
				CLANG_WARN_EMPTY_BODY = YES;
				CLANG_WARN_ENUM_CONVERSION = YES;
				CLANG_WARN_INFINITE_RECURSION = YES;
				CLANG_WARN_INT_CONVERSION = YES;
				CLANG_WARN_NON_LITERAL_NULL_CONVERSION = YES;
				CLANG_WARN_OBJC_IMPLICIT_RETAIN_SELF = YES;
				CLANG_WARN_OBJC_LITERAL_CONVERSION = YES;
				CLANG_WARN_OBJC_ROOT_CLASS = YES_ERROR;
				CLANG_WARN_QUOTED_INCLUDE_IN_FRAMEWORK_HEADER = YES;
				CLANG_WARN_RANGE_LOOP_ANALYSIS = YES;
				CLANG_WARN_STRICT_PROTOTYPES = YES;
				CLANG_WARN_SUSPICIOUS_MOVE = YES;
				CLANG_WARN_UNGUARDED_AVAILABILITY = YES_AGGRESSIVE;
				CLANG_WARN_UNREACHABLE_CODE = YES;
				CLANG_WARN__DUPLICATE_METHOD_MATCH = YES;
				COPY_PHASE_STRIP = NO;
				DEBUG_INFORMATION_FORMAT = "dwarf-with-dsym";
				ENABLE_NS_ASSERTIONS = NO;
				ENABLE_STRICT_OBJC_MSGSEND = YES;
				GCC_C_LANGUAGE_STANDARD = gnu11;
				GCC_NO_COMMON_BLOCKS = YES;
				GCC_WARN_64_TO_32_BIT_CONVERSION = YES;
				GCC_WARN_ABOUT_RETURN_TYPE = YES_ERROR;
				GCC_WARN_UNDECLARED_SELECTOR = YES;
				GCC_WARN_UNINITIALIZED_AUTOS = YES_AGGRESSIVE;
				GCC_WARN_UNUSED_FUNCTION = YES;
				GCC_WARN_UNUSED_VARIABLE = YES;
				IPHONEOS_DEPLOYMENT_TARGET = 15.2;
				MTL_ENABLE_DEBUG_INFO = NO;
				MTL_FAST_MATH = YES;
				SDKROOT = iphoneos;
				SWIFT_COMPILATION_MODE = wholemodule;
				SWIFT_OPTIMIZATION_LEVEL = "-O";
				VALIDATE_PRODUCT = YES;
			};
			name = Release;
		};
		D011E8802AB103E500F8FE04 /* Debug */ = {
			isa = XCBuildConfiguration;
			buildSettings = {
				ASSETCATALOG_COMPILER_APPICON_NAME = AppIcon;
				ASSETCATALOG_COMPILER_GLOBAL_ACCENT_COLOR_NAME = AccentColor;
				CODE_SIGN_STYLE = Automatic;
				CURRENT_PROJECT_VERSION = 1;
				DEVELOPMENT_TEAM = TS2JCMA6R2;
				GENERATE_INFOPLIST_FILE = YES;
				INFOPLIST_FILE = lab1/Info.plist;
				INFOPLIST_KEY_UIApplicationSupportsIndirectInputEvents = YES;
				INFOPLIST_KEY_UILaunchStoryboardName = LaunchScreen;
				INFOPLIST_KEY_UIMainStoryboardFile = Main;
				INFOPLIST_KEY_UISupportedInterfaceOrientations_iPad = "UIInterfaceOrientationPortrait UIInterfaceOrientationPortraitUpsideDown UIInterfaceOrientationLandscapeLeft UIInterfaceOrientationLandscapeRight";
				INFOPLIST_KEY_UISupportedInterfaceOrientations_iPhone = "UIInterfaceOrientationPortrait UIInterfaceOrientationLandscapeLeft UIInterfaceOrientationLandscapeRight";
				LD_RUNPATH_SEARCH_PATHS = (
					"$(inherited)",
					"@executable_path/Frameworks",
				);
				MARKETING_VERSION = 1.0;
				PRODUCT_BUNDLE_IDENTIFIER = ru.lab1;
				PRODUCT_NAME = "$(TARGET_NAME)";
				SWIFT_EMIT_LOC_STRINGS = YES;
				SWIFT_VERSION = 5.0;
				TARGETED_DEVICE_FAMILY = "1,2";
			};
			name = Debug;
		};
		D011E8812AB103E500F8FE04 /* Release */ = {
			isa = XCBuildConfiguration;
			buildSettings = {
				ASSETCATALOG_COMPILER_APPICON_NAME = AppIcon;
				ASSETCATALOG_COMPILER_GLOBAL_ACCENT_COLOR_NAME = AccentColor;
				CODE_SIGN_STYLE = Automatic;
				CURRENT_PROJECT_VERSION = 1;
				DEVELOPMENT_TEAM = TS2JCMA6R2;
				GENERATE_INFOPLIST_FILE = YES;
				INFOPLIST_FILE = lab1/Info.plist;
				INFOPLIST_KEY_UIApplicationSupportsIndirectInputEvents = YES;
				INFOPLIST_KEY_UILaunchStoryboardName = LaunchScreen;
				INFOPLIST_KEY_UIMainStoryboardFile = Main;
				INFOPLIST_KEY_UISupportedInterfaceOrientations_iPad = "UIInterfaceOrientationPortrait UIInterfaceOrientationPortraitUpsideDown UIInterfaceOrientationLandscapeLeft UIInterfaceOrientationLandscapeRight";
				INFOPLIST_KEY_UISupportedInterfaceOrientations_iPhone = "UIInterfaceOrientationPortrait UIInterfaceOrientationLandscapeLeft UIInterfaceOrientationLandscapeRight";
				LD_RUNPATH_SEARCH_PATHS = (
					"$(inherited)",
					"@executable_path/Frameworks",
				);
				MARKETING_VERSION = 1.0;
				PRODUCT_BUNDLE_IDENTIFIER = ru.lab1;
				PRODUCT_NAME = "$(TARGET_NAME)";
				SWIFT_EMIT_LOC_STRINGS = YES;
				SWIFT_VERSION = 5.0;
				TARGETED_DEVICE_FAMILY = "1,2";
			};
			name = Release;
		};
		D011E8832AB103E500F8FE04 /* Debug */ = {
			isa = XCBuildConfiguration;
			buildSettings = {
				ALWAYS_EMBED_SWIFT_STANDARD_LIBRARIES = YES;
				BUNDLE_LOADER = "$(TEST_HOST)";
				CODE_SIGN_STYLE = Automatic;
				CURRENT_PROJECT_VERSION = 1;
				GENERATE_INFOPLIST_FILE = YES;
				IPHONEOS_DEPLOYMENT_TARGET = 15.2;
				MARKETING_VERSION = 1.0;
				PRODUCT_BUNDLE_IDENTIFIER = lab1.lab1Tests;
				PRODUCT_NAME = "$(TARGET_NAME)";
				SWIFT_EMIT_LOC_STRINGS = NO;
				SWIFT_VERSION = 5.0;
				TARGETED_DEVICE_FAMILY = "1,2";
				TEST_HOST = "$(BUILT_PRODUCTS_DIR)/lab1.app/lab1";
			};
			name = Debug;
		};
		D011E8842AB103E500F8FE04 /* Release */ = {
			isa = XCBuildConfiguration;
			buildSettings = {
				ALWAYS_EMBED_SWIFT_STANDARD_LIBRARIES = YES;
				BUNDLE_LOADER = "$(TEST_HOST)";
				CODE_SIGN_STYLE = Automatic;
				CURRENT_PROJECT_VERSION = 1;
				GENERATE_INFOPLIST_FILE = YES;
				IPHONEOS_DEPLOYMENT_TARGET = 15.2;
				MARKETING_VERSION = 1.0;
				PRODUCT_BUNDLE_IDENTIFIER = lab1.lab1Tests;
				PRODUCT_NAME = "$(TARGET_NAME)";
				SWIFT_EMIT_LOC_STRINGS = NO;
				SWIFT_VERSION = 5.0;
				TARGETED_DEVICE_FAMILY = "1,2";
				TEST_HOST = "$(BUILT_PRODUCTS_DIR)/lab1.app/lab1";
			};
			name = Release;
		};
		D011E8862AB103E500F8FE04 /* Debug */ = {
			isa = XCBuildConfiguration;
			buildSettings = {
				ALWAYS_EMBED_SWIFT_STANDARD_LIBRARIES = YES;
				CODE_SIGN_STYLE = Automatic;
				CURRENT_PROJECT_VERSION = 1;
				GENERATE_INFOPLIST_FILE = YES;
				MARKETING_VERSION = 1.0;
				PRODUCT_BUNDLE_IDENTIFIER = lab1.lab1UITests;
				PRODUCT_NAME = "$(TARGET_NAME)";
				SWIFT_EMIT_LOC_STRINGS = NO;
				SWIFT_VERSION = 5.0;
				TARGETED_DEVICE_FAMILY = "1,2";
				TEST_TARGET_NAME = lab1;
			};
			name = Debug;
		};
		D011E8872AB103E500F8FE04 /* Release */ = {
			isa = XCBuildConfiguration;
			buildSettings = {
				ALWAYS_EMBED_SWIFT_STANDARD_LIBRARIES = YES;
				CODE_SIGN_STYLE = Automatic;
				CURRENT_PROJECT_VERSION = 1;
				GENERATE_INFOPLIST_FILE = YES;
				MARKETING_VERSION = 1.0;
				PRODUCT_BUNDLE_IDENTIFIER = lab1.lab1UITests;
				PRODUCT_NAME = "$(TARGET_NAME)";
				SWIFT_EMIT_LOC_STRINGS = NO;
				SWIFT_VERSION = 5.0;
				TARGETED_DEVICE_FAMILY = "1,2";
				TEST_TARGET_NAME = lab1;
			};
			name = Release;
		};
/* End XCBuildConfiguration section */

/* Begin XCConfigurationList section */
		D011E8502AB103E300F8FE04 /* Build configuration list for PBXProject "lab1" */ = {
			isa = XCConfigurationList;
			buildConfigurations = (
				D011E87D2AB103E500F8FE04 /* Debug */,
				D011E87E2AB103E500F8FE04 /* Release */,
			);
			defaultConfigurationIsVisible = 0;
			defaultConfigurationName = Release;
		};
		D011E87F2AB103E500F8FE04 /* Build configuration list for PBXNativeTarget "lab1" */ = {
			isa = XCConfigurationList;
			buildConfigurations = (
				D011E8802AB103E500F8FE04 /* Debug */,
				D011E8812AB103E500F8FE04 /* Release */,
			);
			defaultConfigurationIsVisible = 0;
			defaultConfigurationName = Release;
		};
		D011E8822AB103E500F8FE04 /* Build configuration list for PBXNativeTarget "lab1Tests" */ = {
			isa = XCConfigurationList;
			buildConfigurations = (
				D011E8832AB103E500F8FE04 /* Debug */,
				D011E8842AB103E500F8FE04 /* Release */,
			);
			defaultConfigurationIsVisible = 0;
			defaultConfigurationName = Release;
		};
		D011E8852AB103E500F8FE04 /* Build configuration list for PBXNativeTarget "lab1UITests" */ = {
			isa = XCConfigurationList;
			buildConfigurations = (
				D011E8862AB103E500F8FE04 /* Debug */,
				D011E8872AB103E500F8FE04 /* Release */,
			);
			defaultConfigurationIsVisible = 0;
			defaultConfigurationName = Release;
		};
/* End XCConfigurationList section */
	};
	rootObject = D011E84D2AB103E300F8FE04 /* Project object */;
}
